// !$*UTF8*$!
{
	archiveVersion = 1;
	classes = {
	};
	objectVersion = 50;
	objects = {

/* Begin PBXBuildFile section */
		2B15BE2721C3DA99006426BB /* UIImage.swift in Sources */ = {isa = PBXBuildFile; fileRef = 2B15BE2621C3DA99006426BB /* UIImage.swift */; };
		2B15BE2921C3DAB0006426BB /* CAGradientLayer.swift in Sources */ = {isa = PBXBuildFile; fileRef = 2B15BE2821C3DAB0006426BB /* CAGradientLayer.swift */; };
		2B15BE2B21C3DAC1006426BB /* UINavigationBar.swift in Sources */ = {isa = PBXBuildFile; fileRef = 2B15BE2A21C3DAC1006426BB /* UINavigationBar.swift */; };
		2B15BE3A21C4498E006426BB /* Welcome.storyboard in Resources */ = {isa = PBXBuildFile; fileRef = 2B15BE3921C4498E006426BB /* Welcome.storyboard */; };
		2B15BE3C21C449A0006426BB /* WelcomeViewController.swift in Sources */ = {isa = PBXBuildFile; fileRef = 2B15BE3B21C449A0006426BB /* WelcomeViewController.swift */; };
		2B15BE4121C44A30006426BB /* DailyOverviewCardTableViewCell.swift in Sources */ = {isa = PBXBuildFile; fileRef = 2B15BE3F21C44A30006426BB /* DailyOverviewCardTableViewCell.swift */; };
		2B15BE4221C44A30006426BB /* DailyOverviewCardTableViewCell.xib in Resources */ = {isa = PBXBuildFile; fileRef = 2B15BE4021C44A30006426BB /* DailyOverviewCardTableViewCell.xib */; };
		2B15BE4421C44C40006426BB /* UIView.swift in Sources */ = {isa = PBXBuildFile; fileRef = 2B15BE4321C44C40006426BB /* UIView.swift */; };
		2B15BE4621C44D9E006426BB /* UIColor.swift in Sources */ = {isa = PBXBuildFile; fileRef = 2B15BE4521C44D9E006426BB /* UIColor.swift */; };
		2B15BE4A21C44DF5006426BB /* DoneItemCardTableViewCell.swift in Sources */ = {isa = PBXBuildFile; fileRef = 2B15BE4821C44DF5006426BB /* DoneItemCardTableViewCell.swift */; };
		2B15BE4B21C44DF5006426BB /* DoneItemCardTableViewCell.xib in Resources */ = {isa = PBXBuildFile; fileRef = 2B15BE4921C44DF5006426BB /* DoneItemCardTableViewCell.xib */; };
		2B1A7ACF21C3D6ED002FD5E1 /* AppDelegate.swift in Sources */ = {isa = PBXBuildFile; fileRef = 2B1A7ACE21C3D6ED002FD5E1 /* AppDelegate.swift */; };
		2B1A7AD121C3D6ED002FD5E1 /* DoneListViewController.swift in Sources */ = {isa = PBXBuildFile; fileRef = 2B1A7AD021C3D6ED002FD5E1 /* DoneListViewController.swift */; };
		2B1A7AD421C3D6ED002FD5E1 /* Main.storyboard in Resources */ = {isa = PBXBuildFile; fileRef = 2B1A7AD221C3D6ED002FD5E1 /* Main.storyboard */; };
		2B1A7AD721C3D6ED002FD5E1 /* Donit.xcdatamodeld in Sources */ = {isa = PBXBuildFile; fileRef = 2B1A7AD521C3D6ED002FD5E1 /* Donit.xcdatamodeld */; };
		2B1A7AD921C3D6EE002FD5E1 /* Assets.xcassets in Resources */ = {isa = PBXBuildFile; fileRef = 2B1A7AD821C3D6EE002FD5E1 /* Assets.xcassets */; };
		2B1A7ADC21C3D6EE002FD5E1 /* LaunchScreen.storyboard in Resources */ = {isa = PBXBuildFile; fileRef = 2B1A7ADA21C3D6EE002FD5E1 /* LaunchScreen.storyboard */; };
		2B3A15B321CFBD8D00F75166 /* ProgressBarWithLabel.xib in Resources */ = {isa = PBXBuildFile; fileRef = 2B3A15B221CFBD8D00F75166 /* ProgressBarWithLabel.xib */; };
		2B3A15B521CFBDA100F75166 /* ProgressBarWithLabel.swift in Sources */ = {isa = PBXBuildFile; fileRef = 2B3A15B421CFBDA100F75166 /* ProgressBarWithLabel.swift */; };
		2B3A15BD21CFC3AE00F75166 /* LastWeekOverviewCardTableViewCell.swift in Sources */ = {isa = PBXBuildFile; fileRef = 2B3A15BB21CFC3AE00F75166 /* LastWeekOverviewCardTableViewCell.swift */; };
		2B3A15BE21CFC3AE00F75166 /* LastWeekOverviewCardTableViewCell.xib in Resources */ = {isa = PBXBuildFile; fileRef = 2B3A15BC21CFC3AE00F75166 /* LastWeekOverviewCardTableViewCell.xib */; };
		2BD0ED2921C45B7500EC9CFF /* DoneListHeaderTableViewCell.swift in Sources */ = {isa = PBXBuildFile; fileRef = 2BD0ED2721C45B7500EC9CFF /* DoneListHeaderTableViewCell.swift */; };
		2BD0ED2A21C45B7500EC9CFF /* DoneListHeaderTableViewCell.xib in Resources */ = {isa = PBXBuildFile; fileRef = 2BD0ED2821C45B7500EC9CFF /* DoneListHeaderTableViewCell.xib */; };
		2BD0ED2F21C4966600EC9CFF /* LaunchScreenViewController.swift in Sources */ = {isa = PBXBuildFile; fileRef = 2BD0ED2E21C4966600EC9CFF /* LaunchScreenViewController.swift */; };
		2BD0ED3621C9641900EC9CFF /* XibView.swift in Sources */ = {isa = PBXBuildFile; fileRef = 2BD0ED3421C9641900EC9CFF /* XibView.swift */; };
		2BD0ED3921C9683500EC9CFF /* XibView.xib in Resources */ = {isa = PBXBuildFile; fileRef = 2BD0ED3821C9683500EC9CFF /* XibView.xib */; };
		2BD0ED3C21C9688E00EC9CFF /* InfoCard.xib in Resources */ = {isa = PBXBuildFile; fileRef = 2BD0ED3B21C9688E00EC9CFF /* InfoCard.xib */; };
		2BD0ED3E21C968A500EC9CFF /* InfoCard.swift in Sources */ = {isa = PBXBuildFile; fileRef = 2BD0ED3D21C968A500EC9CFF /* InfoCard.swift */; };
		2BD0ED4121C96D5900EC9CFF /* Introduction.storyboard in Resources */ = {isa = PBXBuildFile; fileRef = 2BD0ED4021C96D5900EC9CFF /* Introduction.storyboard */; };
		2BD0ED4321C96D7000EC9CFF /* IntroductionViewController.swift in Sources */ = {isa = PBXBuildFile; fileRef = 2BD0ED4221C96D7000EC9CFF /* IntroductionViewController.swift */; };
		2BD0ED4621C97A3900EC9CFF /* TutorialCard.xib in Resources */ = {isa = PBXBuildFile; fileRef = 2BD0ED4521C97A3900EC9CFF /* TutorialCard.xib */; };
		2BD0ED4821C97A6300EC9CFF /* TutorialCard.swift in Sources */ = {isa = PBXBuildFile; fileRef = 2BD0ED4721C97A6300EC9CFF /* TutorialCard.swift */; };
		2BD0ED4B21C97F2D00EC9CFF /* TutorialViewController.swift in Sources */ = {isa = PBXBuildFile; fileRef = 2BD0ED4A21C97F2D00EC9CFF /* TutorialViewController.swift */; };
		2BD0ED4F21C9A71E00EC9CFF /* Tutorial.storyboard in Resources */ = {isa = PBXBuildFile; fileRef = 2BD0ED4E21C9A71E00EC9CFF /* Tutorial.storyboard */; };
		2BD0ED5421CA5CF800EC9CFF /* AddScreenViewController.swift in Sources */ = {isa = PBXBuildFile; fileRef = 2BD0ED5321CA5CF800EC9CFF /* AddScreenViewController.swift */; };
		2BD0ED5621CAB09100EC9CFF /* AddScreen.storyboard in Resources */ = {isa = PBXBuildFile; fileRef = 2BD0ED5521CAB09100EC9CFF /* AddScreen.storyboard */; };
		2BD0ED5821CAB70800EC9CFF /* AddScreenDelegate.swift in Sources */ = {isa = PBXBuildFile; fileRef = 2BD0ED5721CAB70800EC9CFF /* AddScreenDelegate.swift */; };
		2BDECBFC21CC2B4E00DEDABA /* Overview.storyboard in Resources */ = {isa = PBXBuildFile; fileRef = 2BDECBFB21CC2B4E00DEDABA /* Overview.storyboard */; };
		2BDECBFE21CC2B6000DEDABA /* OverviewViewController.swift in Sources */ = {isa = PBXBuildFile; fileRef = 2BDECBFD21CC2B6000DEDABA /* OverviewViewController.swift */; };
		2BDECC0621CC32A900DEDABA /* WeeklyOverviewCardTableViewCell.swift in Sources */ = {isa = PBXBuildFile; fileRef = 2BDECC0421CC32A900DEDABA /* WeeklyOverviewCardTableViewCell.swift */; };
		2BDECC0721CC32A900DEDABA /* WeeklyOverviewCardTableViewCell.xib in Resources */ = {isa = PBXBuildFile; fileRef = 2BDECC0521CC32A900DEDABA /* WeeklyOverviewCardTableViewCell.xib */; };
		2BDECC0A21CC3F4700DEDABA /* ProgressBar.xib in Resources */ = {isa = PBXBuildFile; fileRef = 2BDECC0921CC3F4700DEDABA /* ProgressBar.xib */; };
		2BDECC0C21CC3F6200DEDABA /* ProgressBar.swift in Sources */ = {isa = PBXBuildFile; fileRef = 2BDECC0B21CC3F6200DEDABA /* ProgressBar.swift */; };
		2BDECC5F21CCFDA400DEDABA /* DoneItem+CoreDataClass.swift in Sources */ = {isa = PBXBuildFile; fileRef = 2BDECC5721CCFDA400DEDABA /* DoneItem+CoreDataClass.swift */; };
		2BDECC6021CCFDA400DEDABA /* DoneItem+CoreDataProperties.swift in Sources */ = {isa = PBXBuildFile; fileRef = 2BDECC5821CCFDA400DEDABA /* DoneItem+CoreDataProperties.swift */; };
		2BDECC6121CCFDA400DEDABA /* Day+CoreDataClass.swift in Sources */ = {isa = PBXBuildFile; fileRef = 2BDECC5921CCFDA400DEDABA /* Day+CoreDataClass.swift */; };
		2BDECC6221CCFDA400DEDABA /* Day+CoreDataProperties.swift in Sources */ = {isa = PBXBuildFile; fileRef = 2BDECC5A21CCFDA400DEDABA /* Day+CoreDataProperties.swift */; };
		2BDECC6321CCFDA400DEDABA /* Week+CoreDataClass.swift in Sources */ = {isa = PBXBuildFile; fileRef = 2BDECC5B21CCFDA400DEDABA /* Week+CoreDataClass.swift */; };
		2BDECC6421CCFDA400DEDABA /* Week+CoreDataProperties.swift in Sources */ = {isa = PBXBuildFile; fileRef = 2BDECC5C21CCFDA400DEDABA /* Week+CoreDataProperties.swift */; };
		2BDECC6521CCFDA400DEDABA /* User+CoreDataClass.swift in Sources */ = {isa = PBXBuildFile; fileRef = 2BDECC5D21CCFDA400DEDABA /* User+CoreDataClass.swift */; };
		2BDECC6621CCFDA400DEDABA /* User+CoreDataProperties.swift in Sources */ = {isa = PBXBuildFile; fileRef = 2BDECC5E21CCFDA400DEDABA /* User+CoreDataProperties.swift */; };
/* End PBXBuildFile section */

/* Begin PBXFileReference section */
		2B15BE2621C3DA99006426BB /* UIImage.swift */ = {isa = PBXFileReference; lastKnownFileType = sourcecode.swift; path = UIImage.swift; sourceTree = "<group>"; };
		2B15BE2821C3DAB0006426BB /* CAGradientLayer.swift */ = {isa = PBXFileReference; lastKnownFileType = sourcecode.swift; path = CAGradientLayer.swift; sourceTree = "<group>"; };
		2B15BE2A21C3DAC1006426BB /* UINavigationBar.swift */ = {isa = PBXFileReference; lastKnownFileType = sourcecode.swift; path = UINavigationBar.swift; sourceTree = "<group>"; };
		2B15BE3921C4498E006426BB /* Welcome.storyboard */ = {isa = PBXFileReference; lastKnownFileType = file.storyboard; path = Welcome.storyboard; sourceTree = "<group>"; };
		2B15BE3B21C449A0006426BB /* WelcomeViewController.swift */ = {isa = PBXFileReference; lastKnownFileType = sourcecode.swift; path = WelcomeViewController.swift; sourceTree = "<group>"; };
		2B15BE3F21C44A30006426BB /* DailyOverviewCardTableViewCell.swift */ = {isa = PBXFileReference; lastKnownFileType = sourcecode.swift; path = DailyOverviewCardTableViewCell.swift; sourceTree = "<group>"; };
		2B15BE4021C44A30006426BB /* DailyOverviewCardTableViewCell.xib */ = {isa = PBXFileReference; lastKnownFileType = file.xib; path = DailyOverviewCardTableViewCell.xib; sourceTree = "<group>"; };
		2B15BE4321C44C40006426BB /* UIView.swift */ = {isa = PBXFileReference; lastKnownFileType = sourcecode.swift; path = UIView.swift; sourceTree = "<group>"; };
		2B15BE4521C44D9E006426BB /* UIColor.swift */ = {isa = PBXFileReference; lastKnownFileType = sourcecode.swift; path = UIColor.swift; sourceTree = "<group>"; };
		2B15BE4821C44DF5006426BB /* DoneItemCardTableViewCell.swift */ = {isa = PBXFileReference; lastKnownFileType = sourcecode.swift; path = DoneItemCardTableViewCell.swift; sourceTree = "<group>"; };
		2B15BE4921C44DF5006426BB /* DoneItemCardTableViewCell.xib */ = {isa = PBXFileReference; lastKnownFileType = file.xib; path = DoneItemCardTableViewCell.xib; sourceTree = "<group>"; };
		2B1A7ACB21C3D6ED002FD5E1 /* Donit.app */ = {isa = PBXFileReference; explicitFileType = wrapper.application; includeInIndex = 0; path = Donit.app; sourceTree = BUILT_PRODUCTS_DIR; };
		2B1A7ACE21C3D6ED002FD5E1 /* AppDelegate.swift */ = {isa = PBXFileReference; lastKnownFileType = sourcecode.swift; path = AppDelegate.swift; sourceTree = "<group>"; };
		2B1A7AD021C3D6ED002FD5E1 /* DoneListViewController.swift */ = {isa = PBXFileReference; lastKnownFileType = sourcecode.swift; path = DoneListViewController.swift; sourceTree = "<group>"; };
		2B1A7AD321C3D6ED002FD5E1 /* Base */ = {isa = PBXFileReference; lastKnownFileType = file.storyboard; name = Base; path = Base.lproj/Main.storyboard; sourceTree = "<group>"; };
		2B1A7AD621C3D6ED002FD5E1 /* Donit.xcdatamodel */ = {isa = PBXFileReference; lastKnownFileType = wrapper.xcdatamodel; path = Donit.xcdatamodel; sourceTree = "<group>"; };
		2B1A7AD821C3D6EE002FD5E1 /* Assets.xcassets */ = {isa = PBXFileReference; lastKnownFileType = folder.assetcatalog; path = Assets.xcassets; sourceTree = "<group>"; };
		2B1A7ADB21C3D6EE002FD5E1 /* Base */ = {isa = PBXFileReference; lastKnownFileType = file.storyboard; name = Base; path = Base.lproj/LaunchScreen.storyboard; sourceTree = "<group>"; };
		2B1A7ADD21C3D6EE002FD5E1 /* Info.plist */ = {isa = PBXFileReference; lastKnownFileType = text.plist.xml; path = Info.plist; sourceTree = "<group>"; };
		2B3A15B221CFBD8D00F75166 /* ProgressBarWithLabel.xib */ = {isa = PBXFileReference; lastKnownFileType = file.xib; path = ProgressBarWithLabel.xib; sourceTree = "<group>"; };
		2B3A15B421CFBDA100F75166 /* ProgressBarWithLabel.swift */ = {isa = PBXFileReference; lastKnownFileType = sourcecode.swift; path = ProgressBarWithLabel.swift; sourceTree = "<group>"; };
		2B3A15BB21CFC3AE00F75166 /* LastWeekOverviewCardTableViewCell.swift */ = {isa = PBXFileReference; lastKnownFileType = sourcecode.swift; path = LastWeekOverviewCardTableViewCell.swift; sourceTree = "<group>"; };
		2B3A15BC21CFC3AE00F75166 /* LastWeekOverviewCardTableViewCell.xib */ = {isa = PBXFileReference; lastKnownFileType = file.xib; path = LastWeekOverviewCardTableViewCell.xib; sourceTree = "<group>"; };
		2BD0ED2721C45B7500EC9CFF /* DoneListHeaderTableViewCell.swift */ = {isa = PBXFileReference; lastKnownFileType = sourcecode.swift; path = DoneListHeaderTableViewCell.swift; sourceTree = "<group>"; };
		2BD0ED2821C45B7500EC9CFF /* DoneListHeaderTableViewCell.xib */ = {isa = PBXFileReference; lastKnownFileType = file.xib; path = DoneListHeaderTableViewCell.xib; sourceTree = "<group>"; };
		2BD0ED2E21C4966600EC9CFF /* LaunchScreenViewController.swift */ = {isa = PBXFileReference; lastKnownFileType = sourcecode.swift; path = LaunchScreenViewController.swift; sourceTree = "<group>"; };
		2BD0ED3421C9641900EC9CFF /* XibView.swift */ = {isa = PBXFileReference; lastKnownFileType = sourcecode.swift; path = XibView.swift; sourceTree = "<group>"; };
		2BD0ED3821C9683500EC9CFF /* XibView.xib */ = {isa = PBXFileReference; lastKnownFileType = file.xib; path = XibView.xib; sourceTree = "<group>"; };
		2BD0ED3B21C9688E00EC9CFF /* InfoCard.xib */ = {isa = PBXFileReference; lastKnownFileType = file.xib; path = InfoCard.xib; sourceTree = "<group>"; };
		2BD0ED3D21C968A500EC9CFF /* InfoCard.swift */ = {isa = PBXFileReference; lastKnownFileType = sourcecode.swift; path = InfoCard.swift; sourceTree = "<group>"; };
		2BD0ED4021C96D5900EC9CFF /* Introduction.storyboard */ = {isa = PBXFileReference; lastKnownFileType = file.storyboard; path = Introduction.storyboard; sourceTree = "<group>"; };
		2BD0ED4221C96D7000EC9CFF /* IntroductionViewController.swift */ = {isa = PBXFileReference; lastKnownFileType = sourcecode.swift; path = IntroductionViewController.swift; sourceTree = "<group>"; };
		2BD0ED4521C97A3900EC9CFF /* TutorialCard.xib */ = {isa = PBXFileReference; lastKnownFileType = file.xib; path = TutorialCard.xib; sourceTree = "<group>"; };
		2BD0ED4721C97A6300EC9CFF /* TutorialCard.swift */ = {isa = PBXFileReference; lastKnownFileType = sourcecode.swift; path = TutorialCard.swift; sourceTree = "<group>"; };
		2BD0ED4A21C97F2D00EC9CFF /* TutorialViewController.swift */ = {isa = PBXFileReference; lastKnownFileType = sourcecode.swift; path = TutorialViewController.swift; sourceTree = "<group>"; };
		2BD0ED4E21C9A71E00EC9CFF /* Tutorial.storyboard */ = {isa = PBXFileReference; lastKnownFileType = file.storyboard; path = Tutorial.storyboard; sourceTree = "<group>"; };
		2BD0ED5321CA5CF800EC9CFF /* AddScreenViewController.swift */ = {isa = PBXFileReference; lastKnownFileType = sourcecode.swift; path = AddScreenViewController.swift; sourceTree = "<group>"; };
		2BD0ED5521CAB09100EC9CFF /* AddScreen.storyboard */ = {isa = PBXFileReference; lastKnownFileType = file.storyboard; path = AddScreen.storyboard; sourceTree = "<group>"; };
		2BD0ED5721CAB70800EC9CFF /* AddScreenDelegate.swift */ = {isa = PBXFileReference; lastKnownFileType = sourcecode.swift; path = AddScreenDelegate.swift; sourceTree = "<group>"; };
		2BDECBFB21CC2B4E00DEDABA /* Overview.storyboard */ = {isa = PBXFileReference; lastKnownFileType = file.storyboard; path = Overview.storyboard; sourceTree = "<group>"; };
		2BDECBFD21CC2B6000DEDABA /* OverviewViewController.swift */ = {isa = PBXFileReference; lastKnownFileType = sourcecode.swift; path = OverviewViewController.swift; sourceTree = "<group>"; };
		2BDECC0421CC32A900DEDABA /* WeeklyOverviewCardTableViewCell.swift */ = {isa = PBXFileReference; lastKnownFileType = sourcecode.swift; path = WeeklyOverviewCardTableViewCell.swift; sourceTree = "<group>"; };
		2BDECC0521CC32A900DEDABA /* WeeklyOverviewCardTableViewCell.xib */ = {isa = PBXFileReference; lastKnownFileType = file.xib; path = WeeklyOverviewCardTableViewCell.xib; sourceTree = "<group>"; };
		2BDECC0921CC3F4700DEDABA /* ProgressBar.xib */ = {isa = PBXFileReference; lastKnownFileType = file.xib; path = ProgressBar.xib; sourceTree = "<group>"; };
		2BDECC0B21CC3F6200DEDABA /* ProgressBar.swift */ = {isa = PBXFileReference; lastKnownFileType = sourcecode.swift; path = ProgressBar.swift; sourceTree = "<group>"; };
		2BDECC5721CCFDA400DEDABA /* DoneItem+CoreDataClass.swift */ = {isa = PBXFileReference; lastKnownFileType = sourcecode.swift; path = "DoneItem+CoreDataClass.swift"; sourceTree = "<group>"; };
		2BDECC5821CCFDA400DEDABA /* DoneItem+CoreDataProperties.swift */ = {isa = PBXFileReference; lastKnownFileType = sourcecode.swift; path = "DoneItem+CoreDataProperties.swift"; sourceTree = "<group>"; };
		2BDECC5921CCFDA400DEDABA /* Day+CoreDataClass.swift */ = {isa = PBXFileReference; lastKnownFileType = sourcecode.swift; path = "Day+CoreDataClass.swift"; sourceTree = "<group>"; };
		2BDECC5A21CCFDA400DEDABA /* Day+CoreDataProperties.swift */ = {isa = PBXFileReference; lastKnownFileType = sourcecode.swift; path = "Day+CoreDataProperties.swift"; sourceTree = "<group>"; };
		2BDECC5B21CCFDA400DEDABA /* Week+CoreDataClass.swift */ = {isa = PBXFileReference; lastKnownFileType = sourcecode.swift; name = "Week+CoreDataClass.swift"; path = "../../Week+CoreDataClass.swift"; sourceTree = "<group>"; };
		2BDECC5C21CCFDA400DEDABA /* Week+CoreDataProperties.swift */ = {isa = PBXFileReference; lastKnownFileType = sourcecode.swift; name = "Week+CoreDataProperties.swift"; path = "../../Week+CoreDataProperties.swift"; sourceTree = "<group>"; };
		2BDECC5D21CCFDA400DEDABA /* User+CoreDataClass.swift */ = {isa = PBXFileReference; lastKnownFileType = sourcecode.swift; path = "User+CoreDataClass.swift"; sourceTree = "<group>"; };
		2BDECC5E21CCFDA400DEDABA /* User+CoreDataProperties.swift */ = {isa = PBXFileReference; lastKnownFileType = sourcecode.swift; path = "User+CoreDataProperties.swift"; sourceTree = "<group>"; };
/* End PBXFileReference section */

/* Begin PBXFrameworksBuildPhase section */
		2B1A7AC821C3D6ED002FD5E1 /* Frameworks */ = {
			isa = PBXFrameworksBuildPhase;
			buildActionMask = 2147483647;
			files = (
			);
			runOnlyForDeploymentPostprocessing = 0;
		};
/* End PBXFrameworksBuildPhase section */

/* Begin PBXGroup section */
		2B15BE2521C3DA7E006426BB /* Extensions */ = {
			isa = PBXGroup;
			children = (
				2B15BE2621C3DA99006426BB /* UIImage.swift */,
				2B15BE2821C3DAB0006426BB /* CAGradientLayer.swift */,
				2B15BE2A21C3DAC1006426BB /* UINavigationBar.swift */,
				2B15BE4321C44C40006426BB /* UIView.swift */,
				2B15BE4521C44D9E006426BB /* UIColor.swift */,
			);
			path = Extensions;
			sourceTree = "<group>";
		};
		2B15BE3821C4497D006426BB /* Welcome */ = {
			isa = PBXGroup;
			children = (
				2B15BE3921C4498E006426BB /* Welcome.storyboard */,
				2B15BE3B21C449A0006426BB /* WelcomeViewController.swift */,
			);
			path = Welcome;
			sourceTree = "<group>";
		};
		2B15BE3D21C449D4006426BB /* Components */ = {
			isa = PBXGroup;
			children = (
				2B3A15BA21CFC39000F75166 /* LastWeekOverviewCard */,
				2B3A15B121CFBD7C00F75166 /* ProgressBarWithLabel */,
				2BDECC0821CC3F3500DEDABA /* ProgressBar */,
				2BDECBFF21CC323100DEDABA /* WeeklyOverviewCard */,
				2BD0ED2B21C461F900EC9CFF /* Buttons */,
				2BD0ED2621C45B5000EC9CFF /* DoneListHeader */,
				2B15BE4721C44DE0006426BB /* DoneItemCard */,
				2B15BE3E21C44A0B006426BB /* DailyOverviewCard */,
			);
			path = Components;
			sourceTree = "<group>";
		};
		2B15BE3E21C44A0B006426BB /* DailyOverviewCard */ = {
			isa = PBXGroup;
			children = (
				2B15BE3F21C44A30006426BB /* DailyOverviewCardTableViewCell.swift */,
				2B15BE4021C44A30006426BB /* DailyOverviewCardTableViewCell.xib */,
			);
			path = DailyOverviewCard;
			sourceTree = "<group>";
		};
		2B15BE4721C44DE0006426BB /* DoneItemCard */ = {
			isa = PBXGroup;
			children = (
				2B15BE4821C44DF5006426BB /* DoneItemCardTableViewCell.swift */,
				2B15BE4921C44DF5006426BB /* DoneItemCardTableViewCell.xib */,
			);
			path = DoneItemCard;
			sourceTree = "<group>";
		};
		2B1A7AC221C3D6ED002FD5E1 = {
			isa = PBXGroup;
			children = (
				2B1A7ACD21C3D6ED002FD5E1 /* Donit */,
				2B1A7ACC21C3D6ED002FD5E1 /* Products */,
			);
			sourceTree = "<group>";
		};
		2B1A7ACC21C3D6ED002FD5E1 /* Products */ = {
			isa = PBXGroup;
			children = (
				2B1A7ACB21C3D6ED002FD5E1 /* Donit.app */,
			);
			name = Products;
			sourceTree = "<group>";
		};
		2B1A7ACD21C3D6ED002FD5E1 /* Donit */ = {
			isa = PBXGroup;
			children = (
				2B15BE2521C3DA7E006426BB /* Extensions */,
				2B1A7AEC21C3D880002FD5E1 /* View */,
				2B1A7AEB21C3D86D002FD5E1 /* Model */,
				2B1A7ACE21C3D6ED002FD5E1 /* AppDelegate.swift */,
				2B1A7AD821C3D6EE002FD5E1 /* Assets.xcassets */,
				2B1A7ADD21C3D6EE002FD5E1 /* Info.plist */,
				2B1A7AD521C3D6ED002FD5E1 /* Donit.xcdatamodeld */,
			);
			path = Donit;
			sourceTree = "<group>";
		};
		2B1A7AEB21C3D86D002FD5E1 /* Model */ = {
			isa = PBXGroup;
			children = (
				2BDECC5721CCFDA400DEDABA /* DoneItem+CoreDataClass.swift */,
				2BDECC5821CCFDA400DEDABA /* DoneItem+CoreDataProperties.swift */,
				2BDECC5921CCFDA400DEDABA /* Day+CoreDataClass.swift */,
				2BDECC5A21CCFDA400DEDABA /* Day+CoreDataProperties.swift */,
				2BDECC5B21CCFDA400DEDABA /* Week+CoreDataClass.swift */,
				2BDECC5C21CCFDA400DEDABA /* Week+CoreDataProperties.swift */,
				2BDECC5D21CCFDA400DEDABA /* User+CoreDataClass.swift */,
				2BDECC5E21CCFDA400DEDABA /* User+CoreDataProperties.swift */,
			);
			path = Model;
			sourceTree = "<group>";
		};
		2B1A7AEC21C3D880002FD5E1 /* View */ = {
			isa = PBXGroup;
			children = (
				2BDECBFA21CC2B3E00DEDABA /* Overview */,
				2BD0ED5021CA5CC900EC9CFF /* AddScreen */,
				2BD0ED3F21C96D4900EC9CFF /* Introduction */,
				2BD0ED3A21C9687600EC9CFF /* InfoCard */,
				2BD0ED3321C9638A00EC9CFF /* XibView */,
				2BD0ED2D21C4963E00EC9CFF /* LaunchScreen */,
				2B15BE3D21C449D4006426BB /* Components */,
				2B15BE3821C4497D006426BB /* Welcome */,
				2B1A7AD221C3D6ED002FD5E1 /* Main.storyboard */,
				2BDECBFD21CC2B6000DEDABA /* OverviewViewController.swift */,
				2B1A7AD021C3D6ED002FD5E1 /* DoneListViewController.swift */,
			);
			path = View;
			sourceTree = "<group>";
		};
		2B3A15B121CFBD7C00F75166 /* ProgressBarWithLabel */ = {
			isa = PBXGroup;
			children = (
				2B3A15B221CFBD8D00F75166 /* ProgressBarWithLabel.xib */,
				2B3A15B421CFBDA100F75166 /* ProgressBarWithLabel.swift */,
			);
			path = ProgressBarWithLabel;
			sourceTree = "<group>";
		};
		2B3A15BA21CFC39000F75166 /* LastWeekOverviewCard */ = {
			isa = PBXGroup;
			children = (
				2B3A15BB21CFC3AE00F75166 /* LastWeekOverviewCardTableViewCell.swift */,
				2B3A15BC21CFC3AE00F75166 /* LastWeekOverviewCardTableViewCell.xib */,
			);
			path = LastWeekOverviewCard;
			sourceTree = "<group>";
		};
		2BD0ED2621C45B5000EC9CFF /* DoneListHeader */ = {
			isa = PBXGroup;
			children = (
				2BD0ED2721C45B7500EC9CFF /* DoneListHeaderTableViewCell.swift */,
				2BD0ED2821C45B7500EC9CFF /* DoneListHeaderTableViewCell.xib */,
			);
			path = DoneListHeader;
			sourceTree = "<group>";
		};
		2BD0ED2B21C461F900EC9CFF /* Buttons */ = {
			isa = PBXGroup;
			children = (
				2BD0ED2C21C4620600EC9CFF /* FloatButton */,
			);
			path = Buttons;
			sourceTree = "<group>";
		};
		2BD0ED2C21C4620600EC9CFF /* FloatButton */ = {
			isa = PBXGroup;
			children = (
			);
			path = FloatButton;
			sourceTree = "<group>";
		};
		2BD0ED2D21C4963E00EC9CFF /* LaunchScreen */ = {
			isa = PBXGroup;
			children = (
				2B1A7ADA21C3D6EE002FD5E1 /* LaunchScreen.storyboard */,
				2BD0ED2E21C4966600EC9CFF /* LaunchScreenViewController.swift */,
			);
			path = LaunchScreen;
			sourceTree = "<group>";
		};
		2BD0ED3321C9638A00EC9CFF /* XibView */ = {
			isa = PBXGroup;
			children = (
				2BD0ED3421C9641900EC9CFF /* XibView.swift */,
				2BD0ED3821C9683500EC9CFF /* XibView.xib */,
			);
			path = XibView;
			sourceTree = "<group>";
		};
		2BD0ED3A21C9687600EC9CFF /* InfoCard */ = {
			isa = PBXGroup;
			children = (
				2BD0ED3B21C9688E00EC9CFF /* InfoCard.xib */,
				2BD0ED3D21C968A500EC9CFF /* InfoCard.swift */,
			);
			path = InfoCard;
			sourceTree = "<group>";
		};
		2BD0ED3F21C96D4900EC9CFF /* Introduction */ = {
			isa = PBXGroup;
			children = (
				2BD0ED4921C97F0F00EC9CFF /* Tutorial */,
				2BD0ED4021C96D5900EC9CFF /* Introduction.storyboard */,
				2BD0ED4221C96D7000EC9CFF /* IntroductionViewController.swift */,
			);
			path = Introduction;
			sourceTree = "<group>";
		};
		2BD0ED4421C97A2800EC9CFF /* TutorialCard */ = {
			isa = PBXGroup;
			children = (
				2BD0ED4521C97A3900EC9CFF /* TutorialCard.xib */,
				2BD0ED4721C97A6300EC9CFF /* TutorialCard.swift */,
			);
			path = TutorialCard;
			sourceTree = "<group>";
		};
		2BD0ED4921C97F0F00EC9CFF /* Tutorial */ = {
			isa = PBXGroup;
			children = (
				2BD0ED4421C97A2800EC9CFF /* TutorialCard */,
				2BD0ED4E21C9A71E00EC9CFF /* Tutorial.storyboard */,
				2BD0ED4A21C97F2D00EC9CFF /* TutorialViewController.swift */,
			);
			path = Tutorial;
			sourceTree = "<group>";
		};
		2BD0ED5021CA5CC900EC9CFF /* AddScreen */ = {
			isa = PBXGroup;
			children = (
				2BD0ED5321CA5CF800EC9CFF /* AddScreenViewController.swift */,
				2BD0ED5521CAB09100EC9CFF /* AddScreen.storyboard */,
				2BD0ED5721CAB70800EC9CFF /* AddScreenDelegate.swift */,
			);
			path = AddScreen;
			sourceTree = "<group>";
		};
		2BDECBFA21CC2B3E00DEDABA /* Overview */ = {
			isa = PBXGroup;
			children = (
				2BDECBFB21CC2B4E00DEDABA /* Overview.storyboard */,
			);
			path = Overview;
			sourceTree = "<group>";
		};
		2BDECBFF21CC323100DEDABA /* WeeklyOverviewCard */ = {
			isa = PBXGroup;
			children = (
				2BDECC0421CC32A900DEDABA /* WeeklyOverviewCardTableViewCell.swift */,
				2BDECC0521CC32A900DEDABA /* WeeklyOverviewCardTableViewCell.xib */,
			);
			path = WeeklyOverviewCard;
			sourceTree = "<group>";
		};
		2BDECC0821CC3F3500DEDABA /* ProgressBar */ = {
			isa = PBXGroup;
			children = (
				2BDECC0921CC3F4700DEDABA /* ProgressBar.xib */,
				2BDECC0B21CC3F6200DEDABA /* ProgressBar.swift */,
			);
			path = ProgressBar;
			sourceTree = "<group>";
		};
/* End PBXGroup section */

/* Begin PBXNativeTarget section */
		2B1A7ACA21C3D6ED002FD5E1 /* Donit */ = {
			isa = PBXNativeTarget;
			buildConfigurationList = 2B1A7AE021C3D6EE002FD5E1 /* Build configuration list for PBXNativeTarget "Donit" */;
			buildPhases = (
				2B1A7AC721C3D6ED002FD5E1 /* Sources */,
				2B1A7AC821C3D6ED002FD5E1 /* Frameworks */,
				2B1A7AC921C3D6ED002FD5E1 /* Resources */,
			);
			buildRules = (
			);
			dependencies = (
			);
			name = Donit;
			productName = Donit;
			productReference = 2B1A7ACB21C3D6ED002FD5E1 /* Donit.app */;
			productType = "com.apple.product-type.application";
		};
/* End PBXNativeTarget section */

/* Begin PBXProject section */
		2B1A7AC321C3D6ED002FD5E1 /* Project object */ = {
			isa = PBXProject;
			attributes = {
				LastSwiftUpdateCheck = 1010;
				LastUpgradeCheck = 1010;
				ORGANIZATIONNAME = "Paulo José";
				TargetAttributes = {
					2B1A7ACA21C3D6ED002FD5E1 = {
						CreatedOnToolsVersion = 10.1;
					};
				};
			};
			buildConfigurationList = 2B1A7AC621C3D6ED002FD5E1 /* Build configuration list for PBXProject "Donit" */;
			compatibilityVersion = "Xcode 9.3";
			developmentRegion = en;
			hasScannedForEncodings = 0;
			knownRegions = (
				en,
				Base,
			);
			mainGroup = 2B1A7AC221C3D6ED002FD5E1;
			productRefGroup = 2B1A7ACC21C3D6ED002FD5E1 /* Products */;
			projectDirPath = "";
			projectRoot = "";
			targets = (
				2B1A7ACA21C3D6ED002FD5E1 /* Donit */,
			);
		};
/* End PBXProject section */

/* Begin PBXResourcesBuildPhase section */
		2B1A7AC921C3D6ED002FD5E1 /* Resources */ = {
			isa = PBXResourcesBuildPhase;
			buildActionMask = 2147483647;
			files = (
				2BD0ED4121C96D5900EC9CFF /* Introduction.storyboard in Resources */,
				2BD0ED5621CAB09100EC9CFF /* AddScreen.storyboard in Resources */,
				2B1A7ADC21C3D6EE002FD5E1 /* LaunchScreen.storyboard in Resources */,
				2BDECC0721CC32A900DEDABA /* WeeklyOverviewCardTableViewCell.xib in Resources */,
				2B15BE4221C44A30006426BB /* DailyOverviewCardTableViewCell.xib in Resources */,
				2BD0ED3921C9683500EC9CFF /* XibView.xib in Resources */,
				2B15BE3A21C4498E006426BB /* Welcome.storyboard in Resources */,
				2BD0ED3C21C9688E00EC9CFF /* InfoCard.xib in Resources */,
				2B1A7AD921C3D6EE002FD5E1 /* Assets.xcassets in Resources */,
				2BD0ED2A21C45B7500EC9CFF /* DoneListHeaderTableViewCell.xib in Resources */,
				2BDECC0A21CC3F4700DEDABA /* ProgressBar.xib in Resources */,
				2BDECBFC21CC2B4E00DEDABA /* Overview.storyboard in Resources */,
				2B15BE4B21C44DF5006426BB /* DoneItemCardTableViewCell.xib in Resources */,
				2BD0ED4621C97A3900EC9CFF /* TutorialCard.xib in Resources */,
				2B3A15BE21CFC3AE00F75166 /* LastWeekOverviewCardTableViewCell.xib in Resources */,
				2BD0ED4F21C9A71E00EC9CFF /* Tutorial.storyboard in Resources */,
				2B1A7AD421C3D6ED002FD5E1 /* Main.storyboard in Resources */,
				2B3A15B321CFBD8D00F75166 /* ProgressBarWithLabel.xib in Resources */,
			);
			runOnlyForDeploymentPostprocessing = 0;
		};
/* End PBXResourcesBuildPhase section */

/* Begin PBXSourcesBuildPhase section */
		2B1A7AC721C3D6ED002FD5E1 /* Sources */ = {
			isa = PBXSourcesBuildPhase;
			buildActionMask = 2147483647;
			files = (
				2BDECC5F21CCFDA400DEDABA /* DoneItem+CoreDataClass.swift in Sources */,
				2BD0ED3E21C968A500EC9CFF /* InfoCard.swift in Sources */,
				2B15BE4421C44C40006426BB /* UIView.swift in Sources */,
				2B15BE4621C44D9E006426BB /* UIColor.swift in Sources */,
				2B15BE2721C3DA99006426BB /* UIImage.swift in Sources */,
				2B3A15BD21CFC3AE00F75166 /* LastWeekOverviewCardTableViewCell.swift in Sources */,
				2B15BE4A21C44DF5006426BB /* DoneItemCardTableViewCell.swift in Sources */,
				2BD0ED5421CA5CF800EC9CFF /* AddScreenViewController.swift in Sources */,
				2BD0ED5821CAB70800EC9CFF /* AddScreenDelegate.swift in Sources */,
				2BD0ED2F21C4966600EC9CFF /* LaunchScreenViewController.swift in Sources */,
				2B1A7AD121C3D6ED002FD5E1 /* DoneListViewController.swift in Sources */,
				2BDECC0621CC32A900DEDABA /* WeeklyOverviewCardTableViewCell.swift in Sources */,
				2B15BE3C21C449A0006426BB /* WelcomeViewController.swift in Sources */,
				2BDECC6121CCFDA400DEDABA /* Day+CoreDataClass.swift in Sources */,
				2BD0ED4821C97A6300EC9CFF /* TutorialCard.swift in Sources */,
				2BDECC6521CCFDA400DEDABA /* User+CoreDataClass.swift in Sources */,
				2B3A15B521CFBDA100F75166 /* ProgressBarWithLabel.swift in Sources */,
				2BDECC6621CCFDA400DEDABA /* User+CoreDataProperties.swift in Sources */,
				2B15BE2921C3DAB0006426BB /* CAGradientLayer.swift in Sources */,
				2BDECC6021CCFDA400DEDABA /* DoneItem+CoreDataProperties.swift in Sources */,
				2B15BE4121C44A30006426BB /* DailyOverviewCardTableViewCell.swift in Sources */,
				2B1A7AD721C3D6ED002FD5E1 /* Donit.xcdatamodeld in Sources */,
				2BDECC6421CCFDA400DEDABA /* Week+CoreDataProperties.swift in Sources */,
				2BDECBFE21CC2B6000DEDABA /* OverviewViewController.swift in Sources */,
				2B1A7ACF21C3D6ED002FD5E1 /* AppDelegate.swift in Sources */,
				2BD0ED4321C96D7000EC9CFF /* IntroductionViewController.swift in Sources */,
				2BDECC0C21CC3F6200DEDABA /* ProgressBar.swift in Sources */,
				2BD0ED2921C45B7500EC9CFF /* DoneListHeaderTableViewCell.swift in Sources */,
				2BDECC6221CCFDA400DEDABA /* Day+CoreDataProperties.swift in Sources */,
				2BD0ED3621C9641900EC9CFF /* XibView.swift in Sources */,
				2BD0ED4B21C97F2D00EC9CFF /* TutorialViewController.swift in Sources */,
				2B15BE2B21C3DAC1006426BB /* UINavigationBar.swift in Sources */,
				2BDECC6321CCFDA400DEDABA /* Week+CoreDataClass.swift in Sources */,
			);
			runOnlyForDeploymentPostprocessing = 0;
		};
/* End PBXSourcesBuildPhase section */

/* Begin PBXVariantGroup section */
		2B1A7AD221C3D6ED002FD5E1 /* Main.storyboard */ = {
			isa = PBXVariantGroup;
			children = (
				2B1A7AD321C3D6ED002FD5E1 /* Base */,
			);
			name = Main.storyboard;
			sourceTree = "<group>";
		};
		2B1A7ADA21C3D6EE002FD5E1 /* LaunchScreen.storyboard */ = {
			isa = PBXVariantGroup;
			children = (
				2B1A7ADB21C3D6EE002FD5E1 /* Base */,
			);
			name = LaunchScreen.storyboard;
			sourceTree = "<group>";
		};
/* End PBXVariantGroup section */

/* Begin XCBuildConfiguration section */
		2B1A7ADE21C3D6EE002FD5E1 /* Debug */ = {
			isa = XCBuildConfiguration;
			buildSettings = {
				ALWAYS_SEARCH_USER_PATHS = NO;
				CLANG_ANALYZER_NONNULL = YES;
				CLANG_ANALYZER_NUMBER_OBJECT_CONVERSION = YES_AGGRESSIVE;
				CLANG_CXX_LANGUAGE_STANDARD = "gnu++14";
				CLANG_CXX_LIBRARY = "libc++";
				CLANG_ENABLE_MODULES = YES;
				CLANG_ENABLE_OBJC_ARC = YES;
				CLANG_ENABLE_OBJC_WEAK = YES;
				CLANG_WARN_BLOCK_CAPTURE_AUTORELEASING = YES;
				CLANG_WARN_BOOL_CONVERSION = YES;
				CLANG_WARN_COMMA = YES;
				CLANG_WARN_CONSTANT_CONVERSION = YES;
				CLANG_WARN_DEPRECATED_OBJC_IMPLEMENTATIONS = YES;
				CLANG_WARN_DIRECT_OBJC_ISA_USAGE = YES_ERROR;
				CLANG_WARN_DOCUMENTATION_COMMENTS = YES;
				CLANG_WARN_EMPTY_BODY = YES;
				CLANG_WARN_ENUM_CONVERSION = YES;
				CLANG_WARN_INFINITE_RECURSION = YES;
				CLANG_WARN_INT_CONVERSION = YES;
				CLANG_WARN_NON_LITERAL_NULL_CONVERSION = YES;
				CLANG_WARN_OBJC_IMPLICIT_RETAIN_SELF = YES;
				CLANG_WARN_OBJC_LITERAL_CONVERSION = YES;
				CLANG_WARN_OBJC_ROOT_CLASS = YES_ERROR;
				CLANG_WARN_RANGE_LOOP_ANALYSIS = YES;
				CLANG_WARN_STRICT_PROTOTYPES = YES;
				CLANG_WARN_SUSPICIOUS_MOVE = YES;
				CLANG_WARN_UNGUARDED_AVAILABILITY = YES_AGGRESSIVE;
				CLANG_WARN_UNREACHABLE_CODE = YES;
				CLANG_WARN__DUPLICATE_METHOD_MATCH = YES;
				CODE_SIGN_IDENTITY = "iPhone Developer";
				COPY_PHASE_STRIP = NO;
				DEBUG_INFORMATION_FORMAT = dwarf;
				ENABLE_STRICT_OBJC_MSGSEND = YES;
				ENABLE_TESTABILITY = YES;
				GCC_C_LANGUAGE_STANDARD = gnu11;
				GCC_DYNAMIC_NO_PIC = NO;
				GCC_NO_COMMON_BLOCKS = YES;
				GCC_OPTIMIZATION_LEVEL = 0;
				GCC_PREPROCESSOR_DEFINITIONS = (
					"DEBUG=1",
					"$(inherited)",
				);
				GCC_WARN_64_TO_32_BIT_CONVERSION = YES;
				GCC_WARN_ABOUT_RETURN_TYPE = YES_ERROR;
				GCC_WARN_UNDECLARED_SELECTOR = YES;
				GCC_WARN_UNINITIALIZED_AUTOS = YES_AGGRESSIVE;
				GCC_WARN_UNUSED_FUNCTION = YES;
				GCC_WARN_UNUSED_VARIABLE = YES;
				IPHONEOS_DEPLOYMENT_TARGET = 12.1;
				MTL_ENABLE_DEBUG_INFO = INCLUDE_SOURCE;
				MTL_FAST_MATH = YES;
				ONLY_ACTIVE_ARCH = YES;
				SDKROOT = iphoneos;
				SWIFT_ACTIVE_COMPILATION_CONDITIONS = DEBUG;
				SWIFT_OPTIMIZATION_LEVEL = "-Onone";
			};
			name = Debug;
		};
		2B1A7ADF21C3D6EE002FD5E1 /* Release */ = {
			isa = XCBuildConfiguration;
			buildSettings = {
				ALWAYS_SEARCH_USER_PATHS = NO;
				CLANG_ANALYZER_NONNULL = YES;
				CLANG_ANALYZER_NUMBER_OBJECT_CONVERSION = YES_AGGRESSIVE;
				CLANG_CXX_LANGUAGE_STANDARD = "gnu++14";
				CLANG_CXX_LIBRARY = "libc++";
				CLANG_ENABLE_MODULES = YES;
				CLANG_ENABLE_OBJC_ARC = YES;
				CLANG_ENABLE_OBJC_WEAK = YES;
				CLANG_WARN_BLOCK_CAPTURE_AUTORELEASING = YES;
				CLANG_WARN_BOOL_CONVERSION = YES;
				CLANG_WARN_COMMA = YES;
				CLANG_WARN_CONSTANT_CONVERSION = YES;
				CLANG_WARN_DEPRECATED_OBJC_IMPLEMENTATIONS = YES;
				CLANG_WARN_DIRECT_OBJC_ISA_USAGE = YES_ERROR;
				CLANG_WARN_DOCUMENTATION_COMMENTS = YES;
				CLANG_WARN_EMPTY_BODY = YES;
				CLANG_WARN_ENUM_CONVERSION = YES;
				CLANG_WARN_INFINITE_RECURSION = YES;
				CLANG_WARN_INT_CONVERSION = YES;
				CLANG_WARN_NON_LITERAL_NULL_CONVERSION = YES;
				CLANG_WARN_OBJC_IMPLICIT_RETAIN_SELF = YES;
				CLANG_WARN_OBJC_LITERAL_CONVERSION = YES;
				CLANG_WARN_OBJC_ROOT_CLASS = YES_ERROR;
				CLANG_WARN_RANGE_LOOP_ANALYSIS = YES;
				CLANG_WARN_STRICT_PROTOTYPES = YES;
				CLANG_WARN_SUSPICIOUS_MOVE = YES;
				CLANG_WARN_UNGUARDED_AVAILABILITY = YES_AGGRESSIVE;
				CLANG_WARN_UNREACHABLE_CODE = YES;
				CLANG_WARN__DUPLICATE_METHOD_MATCH = YES;
				CODE_SIGN_IDENTITY = "iPhone Developer";
				COPY_PHASE_STRIP = NO;
				DEBUG_INFORMATION_FORMAT = "dwarf-with-dsym";
				ENABLE_NS_ASSERTIONS = NO;
				ENABLE_STRICT_OBJC_MSGSEND = YES;
				GCC_C_LANGUAGE_STANDARD = gnu11;
				GCC_NO_COMMON_BLOCKS = YES;
				GCC_WARN_64_TO_32_BIT_CONVERSION = YES;
				GCC_WARN_ABOUT_RETURN_TYPE = YES_ERROR;
				GCC_WARN_UNDECLARED_SELECTOR = YES;
				GCC_WARN_UNINITIALIZED_AUTOS = YES_AGGRESSIVE;
				GCC_WARN_UNUSED_FUNCTION = YES;
				GCC_WARN_UNUSED_VARIABLE = YES;
				IPHONEOS_DEPLOYMENT_TARGET = 12.1;
				MTL_ENABLE_DEBUG_INFO = NO;
				MTL_FAST_MATH = YES;
				SDKROOT = iphoneos;
				SWIFT_COMPILATION_MODE = wholemodule;
				SWIFT_OPTIMIZATION_LEVEL = "-O";
				VALIDATE_PRODUCT = YES;
			};
			name = Release;
		};
		2B1A7AE121C3D6EE002FD5E1 /* Debug */ = {
			isa = XCBuildConfiguration;
			buildSettings = {
				ASSETCATALOG_COMPILER_APPICON_NAME = AppIcon;
				CODE_SIGN_STYLE = Automatic;
				DEVELOPMENT_TEAM = VA7DWMQ39T;
				INFOPLIST_FILE = Donit/Info.plist;
				LD_RUNPATH_SEARCH_PATHS = (
					"$(inherited)",
					"@executable_path/Frameworks",
				);
				PRODUCT_BUNDLE_IDENTIFIER = com.paulojosecb.Donit;
				PRODUCT_NAME = "$(TARGET_NAME)";
				SWIFT_VERSION = 4.2;
				TARGETED_DEVICE_FAMILY = 1;
			};
			name = Debug;
		};
		2B1A7AE221C3D6EE002FD5E1 /* Release */ = {
			isa = XCBuildConfiguration;
			buildSettings = {
				ASSETCATALOG_COMPILER_APPICON_NAME = AppIcon;
				CODE_SIGN_STYLE = Automatic;
				DEVELOPMENT_TEAM = VA7DWMQ39T;
				INFOPLIST_FILE = Donit/Info.plist;
				LD_RUNPATH_SEARCH_PATHS = (
					"$(inherited)",
					"@executable_path/Frameworks",
				);
				PRODUCT_BUNDLE_IDENTIFIER = com.paulojosecb.Donit;
				PRODUCT_NAME = "$(TARGET_NAME)";
				SWIFT_VERSION = 4.2;
				TARGETED_DEVICE_FAMILY = 1;
			};
			name = Release;
		};
/* End XCBuildConfiguration section */

/* Begin XCConfigurationList section */
		2B1A7AC621C3D6ED002FD5E1 /* Build configuration list for PBXProject "Donit" */ = {
			isa = XCConfigurationList;
			buildConfigurations = (
				2B1A7ADE21C3D6EE002FD5E1 /* Debug */,
				2B1A7ADF21C3D6EE002FD5E1 /* Release */,
			);
			defaultConfigurationIsVisible = 0;
			defaultConfigurationName = Release;
		};
		2B1A7AE021C3D6EE002FD5E1 /* Build configuration list for PBXNativeTarget "Donit" */ = {
			isa = XCConfigurationList;
			buildConfigurations = (
				2B1A7AE121C3D6EE002FD5E1 /* Debug */,
				2B1A7AE221C3D6EE002FD5E1 /* Release */,
			);
			defaultConfigurationIsVisible = 0;
			defaultConfigurationName = Release;
		};
/* End XCConfigurationList section */

/* Begin XCVersionGroup section */
		2B1A7AD521C3D6ED002FD5E1 /* Donit.xcdatamodeld */ = {
			isa = XCVersionGroup;
			children = (
				2B1A7AD621C3D6ED002FD5E1 /* Donit.xcdatamodel */,
			);
			currentVersion = 2B1A7AD621C3D6ED002FD5E1 /* Donit.xcdatamodel */;
			path = Donit.xcdatamodeld;
			sourceTree = "<group>";
			versionGroupType = wrapper.xcdatamodel;
		};
/* End XCVersionGroup section */
	};
	rootObject = 2B1A7AC321C3D6ED002FD5E1 /* Project object */;
}
