// !$*UTF8*$!
{
	archiveVersion = 1;
	classes = {
	};
	objectVersion = 50;
	objects = {

/* Begin PBXBuildFile section */
		2B0BF09D22B92272005D658B /* Day.swift in Sources */ = {isa = PBXBuildFile; fileRef = 2B0BF09C22B92272005D658B /* Day.swift */; };
		2B15BE2721C3DA99006426BB /* UIImage.swift in Sources */ = {isa = PBXBuildFile; fileRef = 2B15BE2621C3DA99006426BB /* UIImage.swift */; };
		2B15BE2B21C3DAC1006426BB /* UINavigationBar.swift in Sources */ = {isa = PBXBuildFile; fileRef = 2B15BE2A21C3DAC1006426BB /* UINavigationBar.swift */; };
		2B15BE4621C44D9E006426BB /* UIColor.swift in Sources */ = {isa = PBXBuildFile; fileRef = 2B15BE4521C44D9E006426BB /* UIColor.swift */; };
		2B1A7ACF21C3D6ED002FD5E1 /* AppDelegate.swift in Sources */ = {isa = PBXBuildFile; fileRef = 2B1A7ACE21C3D6ED002FD5E1 /* AppDelegate.swift */; };
		2B1A7AD721C3D6ED002FD5E1 /* Donit.xcdatamodeld in Sources */ = {isa = PBXBuildFile; fileRef = 2B1A7AD521C3D6ED002FD5E1 /* Donit.xcdatamodeld */; };
		2B1A7AD921C3D6EE002FD5E1 /* Assets.xcassets in Resources */ = {isa = PBXBuildFile; fileRef = 2B1A7AD821C3D6EE002FD5E1 /* Assets.xcassets */; };
		2B1A7ADC21C3D6EE002FD5E1 /* LaunchScreen.storyboard in Resources */ = {isa = PBXBuildFile; fileRef = 2B1A7ADA21C3D6EE002FD5E1 /* LaunchScreen.storyboard */; };
		2B1C196722B2981E00C450D1 /* AddViewController.swift in Sources */ = {isa = PBXBuildFile; fileRef = 2B1C196622B2981E00C450D1 /* AddViewController.swift */; };
		2B1C196922B2982E00C450D1 /* AddViewModel.swift in Sources */ = {isa = PBXBuildFile; fileRef = 2B1C196822B2982E00C450D1 /* AddViewModel.swift */; };
		2B3FE04222B7C81D0021D91B /* CloudKit.framework in Frameworks */ = {isa = PBXBuildFile; fileRef = 2B3FE04122B7C81D0021D91B /* CloudKit.framework */; };
		2B3FE04922B7D10A0021D91B /* Day+CoreDataClass.swift in Sources */ = {isa = PBXBuildFile; fileRef = 2B3FE04322B7D10A0021D91B /* Day+CoreDataClass.swift */; };
		2B3FE04A22B7D10A0021D91B /* Day+CoreDataProperties.swift in Sources */ = {isa = PBXBuildFile; fileRef = 2B3FE04422B7D10A0021D91B /* Day+CoreDataProperties.swift */; };
		2B3FE04B22B7D10A0021D91B /* Week+CoreDataClass.swift in Sources */ = {isa = PBXBuildFile; fileRef = 2B3FE04522B7D10A0021D91B /* Week+CoreDataClass.swift */; };
		2B3FE04C22B7D10A0021D91B /* Week+CoreDataProperties.swift in Sources */ = {isa = PBXBuildFile; fileRef = 2B3FE04622B7D10A0021D91B /* Week+CoreDataProperties.swift */; };
		2B3FE04D22B7D10A0021D91B /* Item+CoreDataClass.swift in Sources */ = {isa = PBXBuildFile; fileRef = 2B3FE04722B7D10A0021D91B /* Item+CoreDataClass.swift */; };
		2B3FE04E22B7D10A0021D91B /* Item+CoreDataProperties.swift in Sources */ = {isa = PBXBuildFile; fileRef = 2B3FE04822B7D10A0021D91B /* Item+CoreDataProperties.swift */; };
		2B47F13722B26B48006BFDE0 /* Week.swift in Sources */ = {isa = PBXBuildFile; fileRef = 2B47F13622B26B48006BFDE0 /* Week.swift */; };
		2BB0CA8622AC214600E05A85 /* HomeViewController.swift in Sources */ = {isa = PBXBuildFile; fileRef = 2BB0CA8522AC214600E05A85 /* HomeViewController.swift */; };
		2BB0CA8822AC218900E05A85 /* AppCoordinator.swift in Sources */ = {isa = PBXBuildFile; fileRef = 2BB0CA8722AC218900E05A85 /* AppCoordinator.swift */; };
		2BB0CA8A22AC219D00E05A85 /* Coordinator.swift in Sources */ = {isa = PBXBuildFile; fileRef = 2BB0CA8922AC219D00E05A85 /* Coordinator.swift */; };
		2BB0CA8D22AC240100E05A85 /* OverviewCardCell.swift in Sources */ = {isa = PBXBuildFile; fileRef = 2BB0CA8C22AC240100E05A85 /* OverviewCardCell.swift */; };
		2BB0CA8F22AC246E00E05A85 /* CustomizableView.swift in Sources */ = {isa = PBXBuildFile; fileRef = 2BB0CA8E22AC246E00E05A85 /* CustomizableView.swift */; };
		2BB0CA9122AC3BEB00E05A85 /* DoneItemCardCell.swift in Sources */ = {isa = PBXBuildFile; fileRef = 2BB0CA9022AC3BEA00E05A85 /* DoneItemCardCell.swift */; };
		2BB0CA9322AC5A2C00E05A85 /* HeaderView.swift in Sources */ = {isa = PBXBuildFile; fileRef = 2BB0CA9222AC5A2C00E05A85 /* HeaderView.swift */; };
		2BB7627722B2931D00C62251 /* Button.swift in Sources */ = {isa = PBXBuildFile; fileRef = 2BB7627622B2931D00C62251 /* Button.swift */; };
		2BBD1ADD22B1428D0025934C /* CoreDataManager.swift in Sources */ = {isa = PBXBuildFile; fileRef = 2BBD1ADC22B1428D0025934C /* CoreDataManager.swift */; };
		2BBD86F921D6BD9300DE854B /* Double.swift in Sources */ = {isa = PBXBuildFile; fileRef = 2BBD86F821D6BD9300DE854B /* Double.swift */; };
		2BD0ED2F21C4966600EC9CFF /* LaunchScreenViewController.swift in Sources */ = {isa = PBXBuildFile; fileRef = 2BD0ED2E21C4966600EC9CFF /* LaunchScreenViewController.swift */; };
		2BFE151B22B144800040552B /* HomeViewModel.swift in Sources */ = {isa = PBXBuildFile; fileRef = 2BFE151A22B144800040552B /* HomeViewModel.swift */; };
/* End PBXBuildFile section */

/* Begin PBXFileReference section */
		2B0BF09C22B92272005D658B /* Day.swift */ = {isa = PBXFileReference; lastKnownFileType = sourcecode.swift; path = Day.swift; sourceTree = "<group>"; };
		2B15BE2621C3DA99006426BB /* UIImage.swift */ = {isa = PBXFileReference; lastKnownFileType = sourcecode.swift; path = UIImage.swift; sourceTree = "<group>"; };
		2B15BE2A21C3DAC1006426BB /* UINavigationBar.swift */ = {isa = PBXFileReference; lastKnownFileType = sourcecode.swift; path = UINavigationBar.swift; sourceTree = "<group>"; };
		2B15BE4521C44D9E006426BB /* UIColor.swift */ = {isa = PBXFileReference; lastKnownFileType = sourcecode.swift; path = UIColor.swift; sourceTree = "<group>"; };
		2B1A7ACB21C3D6ED002FD5E1 /* Donit.app */ = {isa = PBXFileReference; explicitFileType = wrapper.application; includeInIndex = 0; path = Donit.app; sourceTree = BUILT_PRODUCTS_DIR; };
		2B1A7ACE21C3D6ED002FD5E1 /* AppDelegate.swift */ = {isa = PBXFileReference; lastKnownFileType = sourcecode.swift; path = AppDelegate.swift; sourceTree = "<group>"; };
		2B1A7AD621C3D6ED002FD5E1 /* Donit.xcdatamodel */ = {isa = PBXFileReference; lastKnownFileType = wrapper.xcdatamodel; path = Donit.xcdatamodel; sourceTree = "<group>"; };
		2B1A7AD821C3D6EE002FD5E1 /* Assets.xcassets */ = {isa = PBXFileReference; lastKnownFileType = folder.assetcatalog; path = Assets.xcassets; sourceTree = "<group>"; };
		2B1A7ADB21C3D6EE002FD5E1 /* Base */ = {isa = PBXFileReference; lastKnownFileType = file.storyboard; name = Base; path = Base.lproj/LaunchScreen.storyboard; sourceTree = "<group>"; };
		2B1A7ADD21C3D6EE002FD5E1 /* Info.plist */ = {isa = PBXFileReference; lastKnownFileType = text.plist.xml; path = Info.plist; sourceTree = "<group>"; };
		2B1C196622B2981E00C450D1 /* AddViewController.swift */ = {isa = PBXFileReference; lastKnownFileType = sourcecode.swift; path = AddViewController.swift; sourceTree = "<group>"; };
		2B1C196822B2982E00C450D1 /* AddViewModel.swift */ = {isa = PBXFileReference; lastKnownFileType = sourcecode.swift; path = AddViewModel.swift; sourceTree = "<group>"; };
		2B3FE03F22B7C7C20021D91B /* Donit.entitlements */ = {isa = PBXFileReference; lastKnownFileType = text.plist.entitlements; path = Donit.entitlements; sourceTree = "<group>"; };
		2B3FE04122B7C81D0021D91B /* CloudKit.framework */ = {isa = PBXFileReference; lastKnownFileType = wrapper.framework; name = CloudKit.framework; path = System/Library/Frameworks/CloudKit.framework; sourceTree = SDKROOT; };
		2B3FE04322B7D10A0021D91B /* Day+CoreDataClass.swift */ = {isa = PBXFileReference; lastKnownFileType = sourcecode.swift; path = "Day+CoreDataClass.swift"; sourceTree = "<group>"; };
		2B3FE04422B7D10A0021D91B /* Day+CoreDataProperties.swift */ = {isa = PBXFileReference; lastKnownFileType = sourcecode.swift; path = "Day+CoreDataProperties.swift"; sourceTree = "<group>"; };
		2B3FE04522B7D10A0021D91B /* Week+CoreDataClass.swift */ = {isa = PBXFileReference; lastKnownFileType = sourcecode.swift; path = "Week+CoreDataClass.swift"; sourceTree = "<group>"; };
		2B3FE04622B7D10A0021D91B /* Week+CoreDataProperties.swift */ = {isa = PBXFileReference; lastKnownFileType = sourcecode.swift; path = "Week+CoreDataProperties.swift"; sourceTree = "<group>"; };
		2B3FE04722B7D10A0021D91B /* Item+CoreDataClass.swift */ = {isa = PBXFileReference; lastKnownFileType = sourcecode.swift; path = "Item+CoreDataClass.swift"; sourceTree = "<group>"; };
		2B3FE04822B7D10A0021D91B /* Item+CoreDataProperties.swift */ = {isa = PBXFileReference; lastKnownFileType = sourcecode.swift; path = "Item+CoreDataProperties.swift"; sourceTree = "<group>"; };
		2B47F13622B26B48006BFDE0 /* Week.swift */ = {isa = PBXFileReference; lastKnownFileType = sourcecode.swift; path = Week.swift; sourceTree = "<group>"; };
		2BB0CA8522AC214600E05A85 /* HomeViewController.swift */ = {isa = PBXFileReference; lastKnownFileType = sourcecode.swift; path = HomeViewController.swift; sourceTree = "<group>"; };
		2BB0CA8722AC218900E05A85 /* AppCoordinator.swift */ = {isa = PBXFileReference; lastKnownFileType = sourcecode.swift; path = AppCoordinator.swift; sourceTree = "<group>"; };
		2BB0CA8922AC219D00E05A85 /* Coordinator.swift */ = {isa = PBXFileReference; lastKnownFileType = sourcecode.swift; path = Coordinator.swift; sourceTree = "<group>"; };
		2BB0CA8C22AC240100E05A85 /* OverviewCardCell.swift */ = {isa = PBXFileReference; lastKnownFileType = sourcecode.swift; path = OverviewCardCell.swift; sourceTree = "<group>"; };
		2BB0CA8E22AC246E00E05A85 /* CustomizableView.swift */ = {isa = PBXFileReference; lastKnownFileType = sourcecode.swift; path = CustomizableView.swift; sourceTree = "<group>"; };
		2BB0CA9022AC3BEA00E05A85 /* DoneItemCardCell.swift */ = {isa = PBXFileReference; lastKnownFileType = sourcecode.swift; path = DoneItemCardCell.swift; sourceTree = "<group>"; };
		2BB0CA9222AC5A2C00E05A85 /* HeaderView.swift */ = {isa = PBXFileReference; lastKnownFileType = sourcecode.swift; path = HeaderView.swift; sourceTree = "<group>"; };
		2BB7627622B2931D00C62251 /* Button.swift */ = {isa = PBXFileReference; lastKnownFileType = sourcecode.swift; path = Button.swift; sourceTree = "<group>"; };
		2BBD1ADC22B1428D0025934C /* CoreDataManager.swift */ = {isa = PBXFileReference; lastKnownFileType = sourcecode.swift; path = CoreDataManager.swift; sourceTree = "<group>"; };
		2BBD86F821D6BD9300DE854B /* Double.swift */ = {isa = PBXFileReference; lastKnownFileType = sourcecode.swift; path = Double.swift; sourceTree = "<group>"; };
		2BD0ED2E21C4966600EC9CFF /* LaunchScreenViewController.swift */ = {isa = PBXFileReference; lastKnownFileType = sourcecode.swift; path = LaunchScreenViewController.swift; sourceTree = "<group>"; };
		2BFE151A22B144800040552B /* HomeViewModel.swift */ = {isa = PBXFileReference; lastKnownFileType = sourcecode.swift; path = HomeViewModel.swift; sourceTree = "<group>"; };
/* End PBXFileReference section */

/* Begin PBXFrameworksBuildPhase section */
		2B1A7AC821C3D6ED002FD5E1 /* Frameworks */ = {
			isa = PBXFrameworksBuildPhase;
			buildActionMask = 2147483647;
			files = (
				2B3FE04222B7C81D0021D91B /* CloudKit.framework in Frameworks */,
			);
			runOnlyForDeploymentPostprocessing = 0;
		};
/* End PBXFrameworksBuildPhase section */

/* Begin PBXGroup section */
		2B15BE2521C3DA7E006426BB /* Extensions */ = {
			isa = PBXGroup;
			children = (
				2B15BE2621C3DA99006426BB /* UIImage.swift */,
				2B15BE2A21C3DAC1006426BB /* UINavigationBar.swift */,
				2B15BE4521C44D9E006426BB /* UIColor.swift */,
				2BBD86F821D6BD9300DE854B /* Double.swift */,
			);
			path = Extensions;
			sourceTree = "<group>";
		};
		2B1A7AC221C3D6ED002FD5E1 = {
			isa = PBXGroup;
			children = (
				2B1A7ACD21C3D6ED002FD5E1 /* Donit */,
				2B1A7ACC21C3D6ED002FD5E1 /* Products */,
				2B3FE04022B7C81D0021D91B /* Frameworks */,
			);
			sourceTree = "<group>";
		};
		2B1A7ACC21C3D6ED002FD5E1 /* Products */ = {
			isa = PBXGroup;
			children = (
				2B1A7ACB21C3D6ED002FD5E1 /* Donit.app */,
			);
			name = Products;
			sourceTree = "<group>";
		};
		2B1A7ACD21C3D6ED002FD5E1 /* Donit */ = {
			isa = PBXGroup;
			children = (
				2B3FE03F22B7C7C20021D91B /* Donit.entitlements */,
				2BFE151622B144570040552B /* Views */,
				2BD0ED2D21C4963E00EC9CFF /* LaunchScreen */,
				2B15BE2521C3DA7E006426BB /* Extensions */,
				2B1A7AEB21C3D86D002FD5E1 /* Model */,
				2B1A7ACE21C3D6ED002FD5E1 /* AppDelegate.swift */,
				2BBD1ADC22B1428D0025934C /* CoreDataManager.swift */,
				2B1A7AD821C3D6EE002FD5E1 /* Assets.xcassets */,
				2B1A7ADD21C3D6EE002FD5E1 /* Info.plist */,
				2B1A7AD521C3D6ED002FD5E1 /* Donit.xcdatamodeld */,
				2BBD1ADB22B142440025934C /* Coordinator */,
				2BB0CA8E22AC246E00E05A85 /* CustomizableView.swift */,
			);
			path = Donit;
			sourceTree = "<group>";
		};
		2B1A7AEB21C3D86D002FD5E1 /* Model */ = {
			isa = PBXGroup;
			children = (
				2BD720D322B13A3200E0DB7E /* Day */,
				2BD720D222B13A2B00E0DB7E /* Item */,
				2BD720D022B13A1C00E0DB7E /* Week */,
			);
			path = Model;
			sourceTree = "<group>";
		};
		2B1C196522B2980A00C450D1 /* Add */ = {
			isa = PBXGroup;
			children = (
				2B1C196622B2981E00C450D1 /* AddViewController.swift */,
				2B1C196822B2982E00C450D1 /* AddViewModel.swift */,
			);
			path = Add;
			sourceTree = "<group>";
		};
		2B3FE04022B7C81D0021D91B /* Frameworks */ = {
			isa = PBXGroup;
			children = (
				2B3FE04122B7C81D0021D91B /* CloudKit.framework */,
			);
			name = Frameworks;
			sourceTree = "<group>";
		};
		2BB0CA8B22AC23F300E05A85 /* Components */ = {
			isa = PBXGroup;
			children = (
				2BB0CA8C22AC240100E05A85 /* OverviewCardCell.swift */,
				2BB0CA9022AC3BEA00E05A85 /* DoneItemCardCell.swift */,
				2BB0CA9222AC5A2C00E05A85 /* HeaderView.swift */,
				2BB7627622B2931D00C62251 /* Button.swift */,
			);
			path = Components;
			sourceTree = "<group>";
		};
		2BBD1ADB22B142440025934C /* Coordinator */ = {
			isa = PBXGroup;
			children = (
				2BB0CA8722AC218900E05A85 /* AppCoordinator.swift */,
				2BB0CA8922AC219D00E05A85 /* Coordinator.swift */,
			);
			path = Coordinator;
			sourceTree = "<group>";
		};
		2BD0ED2D21C4963E00EC9CFF /* LaunchScreen */ = {
			isa = PBXGroup;
			children = (
				2B1A7ADA21C3D6EE002FD5E1 /* LaunchScreen.storyboard */,
				2BD0ED2E21C4966600EC9CFF /* LaunchScreenViewController.swift */,
			);
			path = LaunchScreen;
			sourceTree = "<group>";
		};
		2BD720D022B13A1C00E0DB7E /* Week */ = {
			isa = PBXGroup;
			children = (
				2B3FE04522B7D10A0021D91B /* Week+CoreDataClass.swift */,
				2B3FE04622B7D10A0021D91B /* Week+CoreDataProperties.swift */,
				2B47F13622B26B48006BFDE0 /* Week.swift */,
			);
			path = Week;
			sourceTree = "<group>";
		};
		2BD720D222B13A2B00E0DB7E /* Item */ = {
			isa = PBXGroup;
			children = (
				2B3FE04722B7D10A0021D91B /* Item+CoreDataClass.swift */,
				2B3FE04822B7D10A0021D91B /* Item+CoreDataProperties.swift */,
			);
			path = Item;
			sourceTree = "<group>";
		};
		2BD720D322B13A3200E0DB7E /* Day */ = {
			isa = PBXGroup;
			children = (
				2B3FE04322B7D10A0021D91B /* Day+CoreDataClass.swift */,
				2B3FE04422B7D10A0021D91B /* Day+CoreDataProperties.swift */,
				2B0BF09C22B92272005D658B /* Day.swift */,
			);
			path = Day;
			sourceTree = "<group>";
		};
		2BFE151622B144570040552B /* Views */ = {
			isa = PBXGroup;
			children = (
				2B1C196522B2980A00C450D1 /* Add */,
				2BFE151722B144620040552B /* Home */,
				2BB0CA8B22AC23F300E05A85 /* Components */,
			);
			path = Views;
			sourceTree = "<group>";
		};
		2BFE151722B144620040552B /* Home */ = {
			isa = PBXGroup;
			children = (
				2BB0CA8522AC214600E05A85 /* HomeViewController.swift */,
				2BFE151A22B144800040552B /* HomeViewModel.swift */,
			);
			path = Home;
			sourceTree = "<group>";
		};
/* End PBXGroup section */

/* Begin PBXNativeTarget section */
		2B1A7ACA21C3D6ED002FD5E1 /* Donit */ = {
			isa = PBXNativeTarget;
			buildConfigurationList = 2B1A7AE021C3D6EE002FD5E1 /* Build configuration list for PBXNativeTarget "Donit" */;
			buildPhases = (
				2B1A7AC721C3D6ED002FD5E1 /* Sources */,
				2B1A7AC821C3D6ED002FD5E1 /* Frameworks */,
				2B1A7AC921C3D6ED002FD5E1 /* Resources */,
			);
			buildRules = (
			);
			dependencies = (
			);
			name = Donit;
			productName = Donit;
			productReference = 2B1A7ACB21C3D6ED002FD5E1 /* Donit.app */;
			productType = "com.apple.product-type.application";
		};
/* End PBXNativeTarget section */

/* Begin PBXProject section */
		2B1A7AC321C3D6ED002FD5E1 /* Project object */ = {
			isa = PBXProject;
			attributes = {
				LastSwiftUpdateCheck = 1010;
				LastUpgradeCheck = 1010;
				ORGANIZATIONNAME = "Paulo José";
				TargetAttributes = {
					2B1A7ACA21C3D6ED002FD5E1 = {
						CreatedOnToolsVersion = 10.1;
						LastSwiftMigration = 1020;
					};
				};
			};
			buildConfigurationList = 2B1A7AC621C3D6ED002FD5E1 /* Build configuration list for PBXProject "Donit" */;
			compatibilityVersion = "Xcode 9.3";
			developmentRegion = en;
			hasScannedForEncodings = 0;
			knownRegions = (
				en,
				Base,
			);
			mainGroup = 2B1A7AC221C3D6ED002FD5E1;
			productRefGroup = 2B1A7ACC21C3D6ED002FD5E1 /* Products */;
			projectDirPath = "";
			projectRoot = "";
			targets = (
				2B1A7ACA21C3D6ED002FD5E1 /* Donit */,
			);
		};
/* End PBXProject section */

/* Begin PBXResourcesBuildPhase section */
		2B1A7AC921C3D6ED002FD5E1 /* Resources */ = {
			isa = PBXResourcesBuildPhase;
			buildActionMask = 2147483647;
			files = (
				2B1A7ADC21C3D6EE002FD5E1 /* LaunchScreen.storyboard in Resources */,
				2B1A7AD921C3D6EE002FD5E1 /* Assets.xcassets in Resources */,
			);
			runOnlyForDeploymentPostprocessing = 0;
		};
/* End PBXResourcesBuildPhase section */

/* Begin PBXSourcesBuildPhase section */
		2B1A7AC721C3D6ED002FD5E1 /* Sources */ = {
			isa = PBXSourcesBuildPhase;
			buildActionMask = 2147483647;
			files = (
				2BB0CA8822AC218900E05A85 /* AppCoordinator.swift in Sources */,
				2B15BE4621C44D9E006426BB /* UIColor.swift in Sources */,
				2B1C196722B2981E00C450D1 /* AddViewController.swift in Sources */,
				2B15BE2721C3DA99006426BB /* UIImage.swift in Sources */,
				2BB0CA9122AC3BEB00E05A85 /* DoneItemCardCell.swift in Sources */,
				2B0BF09D22B92272005D658B /* Day.swift in Sources */,
				2BD0ED2F21C4966600EC9CFF /* LaunchScreenViewController.swift in Sources */,
				2BB0CA8622AC214600E05A85 /* HomeViewController.swift in Sources */,
				2B1C196922B2982E00C450D1 /* AddViewModel.swift in Sources */,
				2B47F13722B26B48006BFDE0 /* Week.swift in Sources */,
				2B1A7AD721C3D6ED002FD5E1 /* Donit.xcdatamodeld in Sources */,
				2BB0CA8F22AC246E00E05A85 /* CustomizableView.swift in Sources */,
				2BBD1ADD22B1428D0025934C /* CoreDataManager.swift in Sources */,
				2B3FE04922B7D10A0021D91B /* Day+CoreDataClass.swift in Sources */,
				2BB0CA8A22AC219D00E05A85 /* Coordinator.swift in Sources */,
				2B3FE04A22B7D10A0021D91B /* Day+CoreDataProperties.swift in Sources */,
				2B3FE04C22B7D10A0021D91B /* Week+CoreDataProperties.swift in Sources */,
				2B1A7ACF21C3D6ED002FD5E1 /* AppDelegate.swift in Sources */,
				2B3FE04B22B7D10A0021D91B /* Week+CoreDataClass.swift in Sources */,
				2B3FE04E22B7D10A0021D91B /* Item+CoreDataProperties.swift in Sources */,
				2BB7627722B2931D00C62251 /* Button.swift in Sources */,
				2BB0CA8D22AC240100E05A85 /* OverviewCardCell.swift in Sources */,
				2B3FE04D22B7D10A0021D91B /* Item+CoreDataClass.swift in Sources */,
				2B15BE2B21C3DAC1006426BB /* UINavigationBar.swift in Sources */,
				2BFE151B22B144800040552B /* HomeViewModel.swift in Sources */,
				2BBD86F921D6BD9300DE854B /* Double.swift in Sources */,
				2BB0CA9322AC5A2C00E05A85 /* HeaderView.swift in Sources */,
			);
			runOnlyForDeploymentPostprocessing = 0;
		};
/* End PBXSourcesBuildPhase section */

/* Begin PBXVariantGroup section */
		2B1A7ADA21C3D6EE002FD5E1 /* LaunchScreen.storyboard */ = {
			isa = PBXVariantGroup;
			children = (
				2B1A7ADB21C3D6EE002FD5E1 /* Base */,
			);
			name = LaunchScreen.storyboard;
			sourceTree = "<group>";
		};
/* End PBXVariantGroup section */

/* Begin XCBuildConfiguration section */
		2B1A7ADE21C3D6EE002FD5E1 /* Debug */ = {
			isa = XCBuildConfiguration;
			buildSettings = {
				ALWAYS_SEARCH_USER_PATHS = NO;
				CLANG_ANALYZER_NONNULL = YES;
				CLANG_ANALYZER_NUMBER_OBJECT_CONVERSION = YES_AGGRESSIVE;
				CLANG_CXX_LANGUAGE_STANDARD = "gnu++14";
				CLANG_CXX_LIBRARY = "libc++";
				CLANG_ENABLE_MODULES = YES;
				CLANG_ENABLE_OBJC_ARC = YES;
				CLANG_ENABLE_OBJC_WEAK = YES;
				CLANG_WARN_BLOCK_CAPTURE_AUTORELEASING = YES;
				CLANG_WARN_BOOL_CONVERSION = YES;
				CLANG_WARN_COMMA = YES;
				CLANG_WARN_CONSTANT_CONVERSION = YES;
				CLANG_WARN_DEPRECATED_OBJC_IMPLEMENTATIONS = YES;
				CLANG_WARN_DIRECT_OBJC_ISA_USAGE = YES_ERROR;
				CLANG_WARN_DOCUMENTATION_COMMENTS = YES;
				CLANG_WARN_EMPTY_BODY = YES;
				CLANG_WARN_ENUM_CONVERSION = YES;
				CLANG_WARN_INFINITE_RECURSION = YES;
				CLANG_WARN_INT_CONVERSION = YES;
				CLANG_WARN_NON_LITERAL_NULL_CONVERSION = YES;
				CLANG_WARN_OBJC_IMPLICIT_RETAIN_SELF = YES;
				CLANG_WARN_OBJC_LITERAL_CONVERSION = YES;
				CLANG_WARN_OBJC_ROOT_CLASS = YES_ERROR;
				CLANG_WARN_RANGE_LOOP_ANALYSIS = YES;
				CLANG_WARN_STRICT_PROTOTYPES = YES;
				CLANG_WARN_SUSPICIOUS_MOVE = YES;
				CLANG_WARN_UNGUARDED_AVAILABILITY = YES_AGGRESSIVE;
				CLANG_WARN_UNREACHABLE_CODE = YES;
				CLANG_WARN__DUPLICATE_METHOD_MATCH = YES;
				CODE_SIGN_IDENTITY = "iPhone Developer";
				COPY_PHASE_STRIP = NO;
				DEBUG_INFORMATION_FORMAT = dwarf;
				ENABLE_STRICT_OBJC_MSGSEND = YES;
				ENABLE_TESTABILITY = YES;
				GCC_C_LANGUAGE_STANDARD = gnu11;
				GCC_DYNAMIC_NO_PIC = NO;
				GCC_NO_COMMON_BLOCKS = YES;
				GCC_OPTIMIZATION_LEVEL = 0;
				GCC_PREPROCESSOR_DEFINITIONS = (
					"DEBUG=1",
					"$(inherited)",
				);
				GCC_WARN_64_TO_32_BIT_CONVERSION = YES;
				GCC_WARN_ABOUT_RETURN_TYPE = YES_ERROR;
				GCC_WARN_UNDECLARED_SELECTOR = YES;
				GCC_WARN_UNINITIALIZED_AUTOS = YES_AGGRESSIVE;
				GCC_WARN_UNUSED_FUNCTION = YES;
				GCC_WARN_UNUSED_VARIABLE = YES;
				IPHONEOS_DEPLOYMENT_TARGET = 12.1;
				MTL_ENABLE_DEBUG_INFO = INCLUDE_SOURCE;
				MTL_FAST_MATH = YES;
				ONLY_ACTIVE_ARCH = YES;
				SDKROOT = iphoneos;
				SWIFT_ACTIVE_COMPILATION_CONDITIONS = DEBUG;
				SWIFT_OPTIMIZATION_LEVEL = "-Onone";
			};
			name = Debug;
		};
		2B1A7ADF21C3D6EE002FD5E1 /* Release */ = {
			isa = XCBuildConfiguration;
			buildSettings = {
				ALWAYS_SEARCH_USER_PATHS = NO;
				CLANG_ANALYZER_NONNULL = YES;
				CLANG_ANALYZER_NUMBER_OBJECT_CONVERSION = YES_AGGRESSIVE;
				CLANG_CXX_LANGUAGE_STANDARD = "gnu++14";
				CLANG_CXX_LIBRARY = "libc++";
				CLANG_ENABLE_MODULES = YES;
				CLANG_ENABLE_OBJC_ARC = YES;
				CLANG_ENABLE_OBJC_WEAK = YES;
				CLANG_WARN_BLOCK_CAPTURE_AUTORELEASING = YES;
				CLANG_WARN_BOOL_CONVERSION = YES;
				CLANG_WARN_COMMA = YES;
				CLANG_WARN_CONSTANT_CONVERSION = YES;
				CLANG_WARN_DEPRECATED_OBJC_IMPLEMENTATIONS = YES;
				CLANG_WARN_DIRECT_OBJC_ISA_USAGE = YES_ERROR;
				CLANG_WARN_DOCUMENTATION_COMMENTS = YES;
				CLANG_WARN_EMPTY_BODY = YES;
				CLANG_WARN_ENUM_CONVERSION = YES;
				CLANG_WARN_INFINITE_RECURSION = YES;
				CLANG_WARN_INT_CONVERSION = YES;
				CLANG_WARN_NON_LITERAL_NULL_CONVERSION = YES;
				CLANG_WARN_OBJC_IMPLICIT_RETAIN_SELF = YES;
				CLANG_WARN_OBJC_LITERAL_CONVERSION = YES;
				CLANG_WARN_OBJC_ROOT_CLASS = YES_ERROR;
				CLANG_WARN_RANGE_LOOP_ANALYSIS = YES;
				CLANG_WARN_STRICT_PROTOTYPES = YES;
				CLANG_WARN_SUSPICIOUS_MOVE = YES;
				CLANG_WARN_UNGUARDED_AVAILABILITY = YES_AGGRESSIVE;
				CLANG_WARN_UNREACHABLE_CODE = YES;
				CLANG_WARN__DUPLICATE_METHOD_MATCH = YES;
				CODE_SIGN_IDENTITY = "iPhone Developer";
				COPY_PHASE_STRIP = NO;
				DEBUG_INFORMATION_FORMAT = "dwarf-with-dsym";
				ENABLE_NS_ASSERTIONS = NO;
				ENABLE_STRICT_OBJC_MSGSEND = YES;
				GCC_C_LANGUAGE_STANDARD = gnu11;
				GCC_NO_COMMON_BLOCKS = YES;
				GCC_WARN_64_TO_32_BIT_CONVERSION = YES;
				GCC_WARN_ABOUT_RETURN_TYPE = YES_ERROR;
				GCC_WARN_UNDECLARED_SELECTOR = YES;
				GCC_WARN_UNINITIALIZED_AUTOS = YES_AGGRESSIVE;
				GCC_WARN_UNUSED_FUNCTION = YES;
				GCC_WARN_UNUSED_VARIABLE = YES;
				IPHONEOS_DEPLOYMENT_TARGET = 12.1;
				MTL_ENABLE_DEBUG_INFO = NO;
				MTL_FAST_MATH = YES;
				SDKROOT = iphoneos;
				SWIFT_COMPILATION_MODE = wholemodule;
				SWIFT_OPTIMIZATION_LEVEL = "-O";
				VALIDATE_PRODUCT = YES;
			};
			name = Release;
		};
		2B1A7AE121C3D6EE002FD5E1 /* Debug */ = {
			isa = XCBuildConfiguration;
			buildSettings = {
				ASSETCATALOG_COMPILER_APPICON_NAME = AppIcon;
				CODE_SIGN_ENTITLEMENTS = Donit/Donit.entitlements;
				CODE_SIGN_IDENTITY = "Apple Development";
				CODE_SIGN_STYLE = Automatic;
				DEVELOPMENT_TEAM = VA7DWMQ39T;
				INFOPLIST_FILE = Donit/Info.plist;
				IPHONEOS_DEPLOYMENT_TARGET = 13.0;
				LD_RUNPATH_SEARCH_PATHS = (
					"$(inherited)",
					"@executable_path/Frameworks",
				);
				PRODUCT_BUNDLE_IDENTIFIER = com.paulojosecb.Donit;
				PRODUCT_NAME = "$(TARGET_NAME)";
				PROVISIONING_PROFILE_SPECIFIER = "";
				SWIFT_VERSION = 5.0;
				TARGETED_DEVICE_FAMILY = 1;
			};
			name = Debug;
		};
		2B1A7AE221C3D6EE002FD5E1 /* Release */ = {
			isa = XCBuildConfiguration;
			buildSettings = {
				ASSETCATALOG_COMPILER_APPICON_NAME = AppIcon;
				CODE_SIGN_ENTITLEMENTS = Donit/Donit.entitlements;
				CODE_SIGN_IDENTITY = "Apple Development";
				CODE_SIGN_STYLE = Automatic;
				DEVELOPMENT_TEAM = VA7DWMQ39T;
				INFOPLIST_FILE = Donit/Info.plist;
				IPHONEOS_DEPLOYMENT_TARGET = 13.0;
				LD_RUNPATH_SEARCH_PATHS = (
					"$(inherited)",
					"@executable_path/Frameworks",
				);
				PRODUCT_BUNDLE_IDENTIFIER = com.paulojosecb.Donit;
				PRODUCT_NAME = "$(TARGET_NAME)";
				PROVISIONING_PROFILE_SPECIFIER = "";
				SWIFT_VERSION = 5.0;
				TARGETED_DEVICE_FAMILY = 1;
			};
			name = Release;
		};
/* End XCBuildConfiguration section */

/* Begin XCConfigurationList section */
		2B1A7AC621C3D6ED002FD5E1 /* Build configuration list for PBXProject "Donit" */ = {
			isa = XCConfigurationList;
			buildConfigurations = (
				2B1A7ADE21C3D6EE002FD5E1 /* Debug */,
				2B1A7ADF21C3D6EE002FD5E1 /* Release */,
			);
			defaultConfigurationIsVisible = 0;
			defaultConfigurationName = Release;
		};
		2B1A7AE021C3D6EE002FD5E1 /* Build configuration list for PBXNativeTarget "Donit" */ = {
			isa = XCConfigurationList;
			buildConfigurations = (
				2B1A7AE121C3D6EE002FD5E1 /* Debug */,
				2B1A7AE221C3D6EE002FD5E1 /* Release */,
			);
			defaultConfigurationIsVisible = 0;
			defaultConfigurationName = Release;
		};
/* End XCConfigurationList section */

/* Begin XCVersionGroup section */
		2B1A7AD521C3D6ED002FD5E1 /* Donit.xcdatamodeld */ = {
			isa = XCVersionGroup;
			children = (
				2B1A7AD621C3D6ED002FD5E1 /* Donit.xcdatamodel */,
			);
			currentVersion = 2B1A7AD621C3D6ED002FD5E1 /* Donit.xcdatamodel */;
			path = Donit.xcdatamodeld;
			sourceTree = "<group>";
			versionGroupType = wrapper.xcdatamodel;
		};
/* End XCVersionGroup section */
	};
	rootObject = 2B1A7AC321C3D6ED002FD5E1 /* Project object */;
}
